
Microsoft Visual Studio Solution File, Format Version 12.00
# Visual Studio Version 16
VisualStudioVersion = 16.0.31205.134
MinimumVisualStudioVersion = 10.0.40219.1
Project("{9A19103F-16F7-4668-BE54-9A1E7A4F7556}") = "Prak1", "Testing\Prak1.csproj", "{BF0CDD9F-F33A-46A6-A95A-C377D27DA27A}"
EndProject
Project("{FAE04EC0-301F-11D3-BF4B-00C04F79EFBC}") = "Prak2", "Prak2\Prak2.csproj", "{6F0C96D3-1EFD-4246-8AAC-D5B73CFFB7F1}"
EndProject
Global
	GlobalSection(SolutionConfigurationPlatforms) = preSolution
		Debug|Any CPU = Debug|Any CPU
		Release|Any CPU = Release|Any CPU
	EndGlobalSection
	GlobalSection(ProjectConfigurationPlatforms) = postSolution
		{BF0CDD9F-F33A-46A6-A95A-C377D27DA27A}.Debug|Any CPU.ActiveCfg = Debug|Any CPU
		{BF0CDD9F-F33A-46A6-A95A-C377D27DA27A}.Debug|Any CPU.Build.0 = Debug|Any CPU
		{BF0CDD9F-F33A-46A6-A95A-C377D27DA27A}.Release|Any CPU.ActiveCfg = Release|Any CPU
		{BF0CDD9F-F33A-46A6-A95A-C377D27DA27A}.Release|Any CPU.Build.0 = Release|Any CPU
		{6F0C96D3-1EFD-4246-8AAC-D5B73CFFB7F1}.Debug|Any CPU.ActiveCfg = Debug|Any CPU
		{6F0C96D3-1EFD-4246-8AAC-D5B73CFFB7F1}.Debug|Any CPU.Build.0 = Debug|Any CPU
		{6F0C96D3-1EFD-4246-8AAC-D5B73CFFB7F1}.Release|Any CPU.ActiveCfg = Release|Any CPU
		{6F0C96D3-1EFD-4246-8AAC-D5B73CFFB7F1}.Release|Any CPU.Build.0 = Release|Any CPU
	EndGlobalSection
	GlobalSection(SolutionProperties) = preSolution
		HideSolutionNode = FALSE
	EndGlobalSection
	GlobalSection(ExtensibilityGlobals) = postSolution
		SolutionGuid = {F5D2116C-8431-42CD-9E72-ED84C4F64883}
	EndGlobalSection
EndGlobal
